
Microsoft Visual Studio Solution File, Format Version 12.00
# Visual Studio Version 17
VisualStudioVersion = 17.10.35027.167
MinimumVisualStudioVersion = 10.0.40219.1
Project("{9A19103F-16F7-4668-BE54-9A1E7A4F7556}") = "AvaloniaApplication1", "AvaloniaApplication1.csproj", "{D9D0DB4D-4B5F-4CAA-B693-85261B9B3389}"
EndProject
Project("{9A19103F-16F7-4668-BE54-9A1E7A4F7556}") = "AvaloniaApplication1.Desktop", "..\AvaloniaApplication1.Desktop\AvaloniaApplication1.Desktop.csproj", "{86FDA79F-7539-4EC2-87CA-B707FFFC9593}"
EndProject
Global
	GlobalSection(SolutionConfigurationPlatforms) = preSolution
		Debug|Any CPU = Debug|Any CPU
		Release|Any CPU = Release|Any CPU
	EndGlobalSection
	GlobalSection(ProjectConfigurationPlatforms) = postSolution
		{D9D0DB4D-4B5F-4CAA-B693-85261B9B3389}.Debug|Any CPU.ActiveCfg = Debug|Any CPU
		{D9D0DB4D-4B5F-4CAA-B693-85261B9B3389}.Debug|Any CPU.Build.0 = Debug|Any CPU
		{D9D0DB4D-4B5F-4CAA-B693-85261B9B3389}.Release|Any CPU.ActiveCfg = Release|Any CPU
		{D9D0DB4D-4B5F-4CAA-B693-85261B9B3389}.Release|Any CPU.Build.0 = Release|Any CPU
		{86FDA79F-7539-4EC2-87CA-B707FFFC9593}.Debug|Any CPU.ActiveCfg = Debug|Any CPU
		{86FDA79F-7539-4EC2-87CA-B707FFFC9593}.Debug|Any CPU.Build.0 = Debug|Any CPU
		{86FDA79F-7539-4EC2-87CA-B707FFFC9593}.Release|Any CPU.ActiveCfg = Release|Any CPU
		{86FDA79F-7539-4EC2-87CA-B707FFFC9593}.Release|Any CPU.Build.0 = Release|Any CPU
	EndGlobalSection
	GlobalSection(SolutionProperties) = preSolution
		HideSolutionNode = FALSE
	EndGlobalSection
	GlobalSection(ExtensibilityGlobals) = postSolution
		SolutionGuid = {5D658D75-07D7-4BC7-83EA-4CB42349C307}
	EndGlobalSection
EndGlobal
